// !$*UTF8*$!
{
	archiveVersion = 1;
	classes = {
	};
	objectVersion = 46;
	objects = {

/* Begin PBXBuildFile section */
		A34A56FA1F142AF3008A0B3C /* AppDelegate.swift in Sources */ = {isa = PBXBuildFile; fileRef = A34A56F91F142AF3008A0B3C /* AppDelegate.swift */; };
		A34A56FC1F142AF3008A0B3C /* MainVC.swift in Sources */ = {isa = PBXBuildFile; fileRef = A34A56FB1F142AF3008A0B3C /* MainVC.swift */; };
		A34A56FF1F142AF3008A0B3C /* Main.storyboard in Resources */ = {isa = PBXBuildFile; fileRef = A34A56FD1F142AF3008A0B3C /* Main.storyboard */; };
		A34A57011F142AF3008A0B3C /* Assets.xcassets in Resources */ = {isa = PBXBuildFile; fileRef = A34A57001F142AF3008A0B3C /* Assets.xcassets */; };
		A34A57041F142AF3008A0B3C /* LaunchScreen.storyboard in Resources */ = {isa = PBXBuildFile; fileRef = A34A57021F142AF3008A0B3C /* LaunchScreen.storyboard */; };
		A34A570F1F142E36008A0B3C /* still time.ttf in Resources */ = {isa = PBXBuildFile; fileRef = A34A570E1F142E36008A0B3C /* still time.ttf */; };
		A34A57121F142F9B008A0B3C /* VideoVC.swift in Sources */ = {isa = PBXBuildFile; fileRef = A34A57111F142F9B008A0B3C /* VideoVC.swift */; };
		A34A57141F14308A008A0B3C /* PartyCell.swift in Sources */ = {isa = PBXBuildFile; fileRef = A34A57131F14308A008A0B3C /* PartyCell.swift */; };
		A34A57161F143224008A0B3C /* PartyRock.swift in Sources */ = {isa = PBXBuildFile; fileRef = A34A57151F143224008A0B3C /* PartyRock.swift */; };
/* End PBXBuildFile section */

/* Begin PBXFileReference section */
		A34A56F61F142AF3008A0B3C /* PartyRockApp.app */ = {isa = PBXFileReference; explicitFileType = wrapper.application; includeInIndex = 0; path = PartyRockApp.app; sourceTree = BUILT_PRODUCTS_DIR; };
		A34A56F91F142AF3008A0B3C /* AppDelegate.swift */ = {isa = PBXFileReference; lastKnownFileType = sourcecode.swift; path = AppDelegate.swift; sourceTree = "<group>"; };
		A34A56FB1F142AF3008A0B3C /* MainVC.swift */ = {isa = PBXFileReference; lastKnownFileType = sourcecode.swift; path = MainVC.swift; sourceTree = "<group>"; };
		A34A56FE1F142AF3008A0B3C /* Base */ = {isa = PBXFileReference; lastKnownFileType = file.storyboard; name = Base; path = Base.lproj/Main.storyboard; sourceTree = "<group>"; };
		A34A57001F142AF3008A0B3C /* Assets.xcassets */ = {isa = PBXFileReference; lastKnownFileType = folder.assetcatalog; path = Assets.xcassets; sourceTree = "<group>"; };
		A34A57031F142AF3008A0B3C /* Base */ = {isa = PBXFileReference; lastKnownFileType = file.storyboard; name = Base; path = Base.lproj/LaunchScreen.storyboard; sourceTree = "<group>"; };
		A34A57051F142AF3008A0B3C /* Info.plist */ = {isa = PBXFileReference; lastKnownFileType = text.plist.xml; path = Info.plist; sourceTree = "<group>"; };
		A34A570E1F142E36008A0B3C /* still time.ttf */ = {isa = PBXFileReference; lastKnownFileType = file; path = "still time.ttf"; sourceTree = "<group>"; };
		A34A57111F142F9B008A0B3C /* VideoVC.swift */ = {isa = PBXFileReference; fileEncoding = 4; lastKnownFileType = sourcecode.swift; path = VideoVC.swift; sourceTree = "<group>"; };
		A34A57131F14308A008A0B3C /* PartyCell.swift */ = {isa = PBXFileReference; fileEncoding = 4; lastKnownFileType = sourcecode.swift; path = PartyCell.swift; sourceTree = "<group>"; };
		A34A57151F143224008A0B3C /* PartyRock.swift */ = {isa = PBXFileReference; fileEncoding = 4; lastKnownFileType = sourcecode.swift; path = PartyRock.swift; sourceTree = "<group>"; };
/* End PBXFileReference section */

/* Begin PBXFrameworksBuildPhase section */
		A34A56F31F142AF3008A0B3C /* Frameworks */ = {
			isa = PBXFrameworksBuildPhase;
			buildActionMask = 2147483647;
			files = (
			);
			runOnlyForDeploymentPostprocessing = 0;
		};
/* End PBXFrameworksBuildPhase section */

/* Begin PBXGroup section */
		A34A56ED1F142AF3008A0B3C = {
			isa = PBXGroup;
			children = (
				A34A56F81F142AF3008A0B3C /* PartyRockApp */,
				A34A56F71F142AF3008A0B3C /* Products */,
			);
			sourceTree = "<group>";
		};
		A34A56F71F142AF3008A0B3C /* Products */ = {
			isa = PBXGroup;
			children = (
				A34A56F61F142AF3008A0B3C /* PartyRockApp.app */,
			);
			name = Products;
			sourceTree = "<group>";
		};
		A34A56F81F142AF3008A0B3C /* PartyRockApp */ = {
			isa = PBXGroup;
			children = (
				A34A57101F142E3B008A0B3C /* Files */,
				A34A570D1F142B47008A0B3C /* Model */,
				A34A570C1F142B3E008A0B3C /* View */,
				A34A570B1F142B34008A0B3C /* Controller */,
				A34A56F91F142AF3008A0B3C /* AppDelegate.swift */,
				A34A56FD1F142AF3008A0B3C /* Main.storyboard */,
				A34A57001F142AF3008A0B3C /* Assets.xcassets */,
				A34A57021F142AF3008A0B3C /* LaunchScreen.storyboard */,
				A34A57051F142AF3008A0B3C /* Info.plist */,
			);
			path = PartyRockApp;
			sourceTree = "<group>";
		};
		A34A570B1F142B34008A0B3C /* Controller */ = {
			isa = PBXGroup;
			children = (
				A34A56FB1F142AF3008A0B3C /* MainVC.swift */,
				A34A57111F142F9B008A0B3C /* VideoVC.swift */,
			);
			name = Controller;
			sourceTree = "<group>";
		};
		A34A570C1F142B3E008A0B3C /* View */ = {
			isa = PBXGroup;
			children = (
				A34A57131F14308A008A0B3C /* PartyCell.swift */,
			);
			name = View;
			sourceTree = "<group>";
		};
		A34A570D1F142B47008A0B3C /* Model */ = {
			isa = PBXGroup;
			children = (
				A34A57151F143224008A0B3C /* PartyRock.swift */,
			);
			name = Model;
			sourceTree = "<group>";
		};
		A34A57101F142E3B008A0B3C /* Files */ = {
			isa = PBXGroup;
			children = (
				A34A570E1F142E36008A0B3C /* still time.ttf */,
			);
			name = Files;
			sourceTree = "<group>";
		};
/* End PBXGroup section */

/* Begin PBXNativeTarget section */
		A34A56F51F142AF3008A0B3C /* PartyRockApp */ = {
			isa = PBXNativeTarget;
			buildConfigurationList = A34A57081F142AF3008A0B3C /* Build configuration list for PBXNativeTarget "PartyRockApp" */;
			buildPhases = (
				A34A56F21F142AF3008A0B3C /* Sources */,
				A34A56F31F142AF3008A0B3C /* Frameworks */,
				A34A56F41F142AF3008A0B3C /* Resources */,
			);
			buildRules = (
			);
			dependencies = (
			);
			name = PartyRockApp;
			productName = PartyRockApp;
			productReference = A34A56F61F142AF3008A0B3C /* PartyRockApp.app */;
			productType = "com.apple.product-type.application";
		};
/* End PBXNativeTarget section */

/* Begin PBXProject section */
		A34A56EE1F142AF3008A0B3C /* Project object */ = {
			isa = PBXProject;
			attributes = {
				LastSwiftUpdateCheck = 0820;
				LastUpgradeCheck = 0820;
				ORGANIZATIONNAME = "Luke Fitzgerald";
				TargetAttributes = {
					A34A56F51F142AF3008A0B3C = {
						CreatedOnToolsVersion = 8.2.1;
						ProvisioningStyle = Automatic;
					};
				};
			};
			buildConfigurationList = A34A56F11F142AF3008A0B3C /* Build configuration list for PBXProject "PartyRockApp" */;
			compatibilityVersion = "Xcode 3.2";
			developmentRegion = English;
			hasScannedForEncodings = 0;
			knownRegions = (
				en,
				Base,
			);
			mainGroup = A34A56ED1F142AF3008A0B3C;
			productRefGroup = A34A56F71F142AF3008A0B3C /* Products */;
			projectDirPath = "";
			projectRoot = "";
			targets = (
				A34A56F51F142AF3008A0B3C /* PartyRockApp */,
			);
		};
/* End PBXProject section */

/* Begin PBXResourcesBuildPhase section */
		A34A56F41F142AF3008A0B3C /* Resources */ = {
			isa = PBXResourcesBuildPhase;
			buildActionMask = 2147483647;
			files = (
				A34A57041F142AF3008A0B3C /* LaunchScreen.storyboard in Resources */,
				A34A570F1F142E36008A0B3C /* still time.ttf in Resources */,
				A34A57011F142AF3008A0B3C /* Assets.xcassets in Resources */,
				A34A56FF1F142AF3008A0B3C /* Main.storyboard in Resources */,
			);
			runOnlyForDeploymentPostprocessing = 0;
		};
/* End PBXResourcesBuildPhase section */

/* Begin PBXSourcesBuildPhase section */
		A34A56F21F142AF3008A0B3C /* Sources */ = {
			isa = PBXSourcesBuildPhase;
			buildActionMask = 2147483647;
			files = (
				A34A57121F142F9B008A0B3C /* VideoVC.swift in Sources */,
				A34A56FC1F142AF3008A0B3C /* MainVC.swift in Sources */,
				A34A57161F143224008A0B3C /* PartyRock.swift in Sources */,
				A34A57141F14308A008A0B3C /* PartyCell.swift in Sources */,
				A34A56FA1F142AF3008A0B3C /* AppDelegate.swift in Sources */,
			);
			runOnlyForDeploymentPostprocessing = 0;
		};
/* End PBXSourcesBuildPhase section */

/* Begin PBXVariantGroup section */
		A34A56FD1F142AF3008A0B3C /* Main.storyboard */ = {
			isa = PBXVariantGroup;
			children = (
				A34A56FE1F142AF3008A0B3C /* Base */,
			);
			name = Main.storyboard;
			sourceTree = "<group>";
		};
		A34A57021F142AF3008A0B3C /* LaunchScreen.storyboard */ = {
			isa = PBXVariantGroup;
			children = (
				A34A57031F142AF3008A0B3C /* Base */,
			);
			name = LaunchScreen.storyboard;
			sourceTree = "<group>";
		};
/* End PBXVariantGroup section */

/* Begin XCBuildConfiguration section */
		A34A57061F142AF3008A0B3C /* Debug */ = {
			isa = XCBuildConfiguration;
			buildSettings = {
				ALWAYS_SEARCH_USER_PATHS = NO;
				CLANG_ANALYZER_NONNULL = YES;
				CLANG_CXX_LANGUAGE_STANDARD = "gnu++0x";
				CLANG_CXX_LIBRARY = "libc++";
				CLANG_ENABLE_MODULES = YES;
				CLANG_ENABLE_OBJC_ARC = YES;
				CLANG_WARN_BOOL_CONVERSION = YES;
				CLANG_WARN_CONSTANT_CONVERSION = YES;
				CLANG_WARN_DIRECT_OBJC_ISA_USAGE = YES_ERROR;
				CLANG_WARN_DOCUMENTATION_COMMENTS = YES;
				CLANG_WARN_EMPTY_BODY = YES;
				CLANG_WARN_ENUM_CONVERSION = YES;
				CLANG_WARN_INFINITE_RECURSION = YES;
				CLANG_WARN_INT_CONVERSION = YES;
				CLANG_WARN_OBJC_ROOT_CLASS = YES_ERROR;
				CLANG_WARN_SUSPICIOUS_MOVE = YES;
				CLANG_WARN_UNREACHABLE_CODE = YES;
				CLANG_WARN__DUPLICATE_METHOD_MATCH = YES;
				"CODE_SIGN_IDENTITY[sdk=iphoneos*]" = "iPhone Developer";
				COPY_PHASE_STRIP = NO;
				DEBUG_INFORMATION_FORMAT = dwarf;
				ENABLE_STRICT_OBJC_MSGSEND = YES;
				ENABLE_TESTABILITY = YES;
				GCC_C_LANGUAGE_STANDARD = gnu99;
				GCC_DYNAMIC_NO_PIC = NO;
				GCC_NO_COMMON_BLOCKS = YES;
				GCC_OPTIMIZATION_LEVEL = 0;
				GCC_PREPROCESSOR_DEFINITIONS = (
					"DEBUG=1",
					"$(inherited)",
				);
				GCC_WARN_64_TO_32_BIT_CONVERSION = YES;
				GCC_WARN_ABOUT_RETURN_TYPE = YES_ERROR;
				GCC_WARN_UNDECLARED_SELECTOR = YES;
				GCC_WARN_UNINITIALIZED_AUTOS = YES_AGGRESSIVE;
				GCC_WARN_UNUSED_FUNCTION = YES;
				GCC_WARN_UNUSED_VARIABLE = YES;
				IPHONEOS_DEPLOYMENT_TARGET = 10.2;
				MTL_ENABLE_DEBUG_INFO = YES;
				ONLY_ACTIVE_ARCH = YES;
				SDKROOT = iphoneos;
				SWIFT_ACTIVE_COMPILATION_CONDITIONS = DEBUG;
				SWIFT_OPTIMIZATION_LEVEL = "-Onone";
				TARGETED_DEVICE_FAMILY = "1,2";
			};
			name = Debug;
		};
		A34A57071F142AF3008A0B3C /* Release */ = {
			isa = XCBuildConfiguration;
			buildSettings = {
				ALWAYS_SEARCH_USER_PATHS = NO;
				CLANG_ANALYZER_NONNULL = YES;
				CLANG_CXX_LANGUAGE_STANDARD = "gnu++0x";
				CLANG_CXX_LIBRARY = "libc++";
				CLANG_ENABLE_MODULES = YES;
				CLANG_ENABLE_OBJC_ARC = YES;
				CLANG_WARN_BOOL_CONVERSION = YES;
				CLANG_WARN_CONSTANT_CONVERSION = YES;
				CLANG_WARN_DIRECT_OBJC_ISA_USAGE = YES_ERROR;
				CLANG_WARN_DOCUMENTATION_COMMENTS = YES;
				CLANG_WARN_EMPTY_BODY = YES;
				CLANG_WARN_ENUM_CONVERSION = YES;
				CLANG_WARN_INFINITE_RECURSION = YES;
				CLANG_WARN_INT_CONVERSION = YES;
				CLANG_WARN_OBJC_ROOT_CLASS = YES_ERROR;
				CLANG_WARN_SUSPICIOUS_MOVE = YES;
				CLANG_WARN_UNREACHABLE_CODE = YES;
				CLANG_WARN__DUPLICATE_METHOD_MATCH = YES;
				"CODE_SIGN_IDENTITY[sdk=iphoneos*]" = "iPhone Developer";
				COPY_PHASE_STRIP = NO;
				DEBUG_INFORMATION_FORMAT = "dwarf-with-dsym";
				ENABLE_NS_ASSERTIONS = NO;
				ENABLE_STRICT_OBJC_MSGSEND = YES;
				GCC_C_LANGUAGE_STANDARD = gnu99;
				GCC_NO_COMMON_BLOCKS = YES;
				GCC_WARN_64_TO_32_BIT_CONVERSION = YES;
				GCC_WARN_ABOUT_RETURN_TYPE = YES_ERROR;
				GCC_WARN_UNDECLARED_SELECTOR = YES;
				GCC_WARN_UNINITIALIZED_AUTOS = YES_AGGRESSIVE;
				GCC_WARN_UNUSED_FUNCTION = YES;
				GCC_WARN_UNUSED_VARIABLE = YES;
				IPHONEOS_DEPLOYMENT_TARGET = 10.2;
				MTL_ENABLE_DEBUG_INFO = NO;
				SDKROOT = iphoneos;
				SWIFT_OPTIMIZATION_LEVEL = "-Owholemodule";
				TARGETED_DEVICE_FAMILY = "1,2";
				VALIDATE_PRODUCT = YES;
			};
			name = Release;
		};
		A34A57091F142AF3008A0B3C /* Debug */ = {
			isa = XCBuildConfiguration;
			buildSettings = {
				ASSETCATALOG_COMPILER_APPICON_NAME = AppIcon;
				INFOPLIST_FILE = PartyRockApp/Info.plist;
				LD_RUNPATH_SEARCH_PATHS = "$(inherited) @executable_path/Frameworks";
				PRODUCT_BUNDLE_IDENTIFIER = com.luke.PartyRockApp;
				PRODUCT_NAME = "$(TARGET_NAME)";
				SWIFT_VERSION = 3.0;
			};
			name = Debug;
		};
		A34A570A1F142AF3008A0B3C /* Release */ = {
			isa = XCBuildConfiguration;
			buildSettings = {
				ASSETCATALOG_COMPILER_APPICON_NAME = AppIcon;
				INFOPLIST_FILE = PartyRockApp/Info.plist;
				LD_RUNPATH_SEARCH_PATHS = "$(inherited) @executable_path/Frameworks";
				PRODUCT_BUNDLE_IDENTIFIER = com.luke.PartyRockApp;
				PRODUCT_NAME = "$(TARGET_NAME)";
				SWIFT_VERSION = 3.0;
			};
			name = Release;
		};
/* End XCBuildConfiguration section */

/* Begin XCConfigurationList section */
		A34A56F11F142AF3008A0B3C /* Build configuration list for PBXProject "PartyRockApp" */ = {
			isa = XCConfigurationList;
			buildConfigurations = (
				A34A57061F142AF3008A0B3C /* Debug */,
				A34A57071F142AF3008A0B3C /* Release */,
			);
			defaultConfigurationIsVisible = 0;
			defaultConfigurationName = Release;
		};
		A34A57081F142AF3008A0B3C /* Build configuration list for PBXNativeTarget "PartyRockApp" */ = {
			isa = XCConfigurationList;
			buildConfigurations = (
				A34A57091F142AF3008A0B3C /* Debug */,
				A34A570A1F142AF3008A0B3C /* Release */,
			);
			defaultConfigurationIsVisible = 0;
		};
/* End XCConfigurationList section */
	};
	rootObject = A34A56EE1F142AF3008A0B3C /* Project object */;
}
